
Microsoft Visual Studio Solution File, Format Version 12.00
# Visual Studio Version 16
VisualStudioVersion = 16.0.31624.102
MinimumVisualStudioVersion = 10.0.40219.1
Project("{FAE04EC0-301F-11D3-BF4B-00C04F79EFBC}") = "ClassAndObjectExample", "ClassAndObjectExample\ClassAndObjectExample.csproj", "{BBF170D4-40C6-49C4-A796-47CE582349B7}"
EndProject
Global
	GlobalSection(SolutionConfigurationPlatforms) = preSolution
		Debug|Any CPU = Debug|Any CPU
		Release|Any CPU = Release|Any CPU
	EndGlobalSection
	GlobalSection(ProjectConfigurationPlatforms) = postSolution
		{BBF170D4-40C6-49C4-A796-47CE582349B7}.Debug|Any CPU.ActiveCfg = Debug|Any CPU
		{BBF170D4-40C6-49C4-A796-47CE582349B7}.Debug|Any CPU.Build.0 = Debug|Any CPU
		{BBF170D4-40C6-49C4-A796-47CE582349B7}.Release|Any CPU.ActiveCfg = Release|Any CPU
		{BBF170D4-40C6-49C4-A796-47CE582349B7}.Release|Any CPU.Build.0 = Release|Any CPU
	EndGlobalSection
	GlobalSection(SolutionProperties) = preSolution
		HideSolutionNode = FALSE
	EndGlobalSection
	GlobalSection(ExtensibilityGlobals) = postSolution
		SolutionGuid = {F66DC595-8FFF-4AE6-B0B6-DE97C0A07F53}
	EndGlobalSection
EndGlobal
