
Microsoft Visual Studio Solution File, Format Version 12.00
# Visual Studio Version 16
VisualStudioVersion = 16.0.31624.102
MinimumVisualStudioVersion = 10.0.40219.1
Project("{FAE04EC0-301F-11D3-BF4B-00C04F79EFBC}") = "GuessingGame", "GuessingGame\GuessingGame.csproj", "{F938DFBF-3B32-4E93-8D8A-DC0EA677881F}"
EndProject
Global
	GlobalSection(SolutionConfigurationPlatforms) = preSolution
		Debug|Any CPU = Debug|Any CPU
		Release|Any CPU = Release|Any CPU
	EndGlobalSection
	GlobalSection(ProjectConfigurationPlatforms) = postSolution
		{F938DFBF-3B32-4E93-8D8A-DC0EA677881F}.Debug|Any CPU.ActiveCfg = Debug|Any CPU
		{F938DFBF-3B32-4E93-8D8A-DC0EA677881F}.Debug|Any CPU.Build.0 = Debug|Any CPU
		{F938DFBF-3B32-4E93-8D8A-DC0EA677881F}.Release|Any CPU.ActiveCfg = Release|Any CPU
		{F938DFBF-3B32-4E93-8D8A-DC0EA677881F}.Release|Any CPU.Build.0 = Release|Any CPU
	EndGlobalSection
	GlobalSection(SolutionProperties) = preSolution
		HideSolutionNode = FALSE
	EndGlobalSection
	GlobalSection(ExtensibilityGlobals) = postSolution
		SolutionGuid = {0A5C3241-0DC4-4E91-83D7-67E4018CCD30}
	EndGlobalSection
EndGlobal
