
Microsoft Visual Studio Solution File, Format Version 12.00
# Visual Studio Version 16
VisualStudioVersion = 16.0.31624.102
MinimumVisualStudioVersion = 10.0.40219.1
Project("{FAE04EC0-301F-11D3-BF4B-00C04F79EFBC}") = "2DArrays", "2DArrays\2DArrays.csproj", "{CD1B7B99-9D48-473A-BD5A-1304B937FA36}"
EndProject
Global
	GlobalSection(SolutionConfigurationPlatforms) = preSolution
		Debug|Any CPU = Debug|Any CPU
		Release|Any CPU = Release|Any CPU
	EndGlobalSection
	GlobalSection(ProjectConfigurationPlatforms) = postSolution
		{CD1B7B99-9D48-473A-BD5A-1304B937FA36}.Debug|Any CPU.ActiveCfg = Debug|Any CPU
		{CD1B7B99-9D48-473A-BD5A-1304B937FA36}.Debug|Any CPU.Build.0 = Debug|Any CPU
		{CD1B7B99-9D48-473A-BD5A-1304B937FA36}.Release|Any CPU.ActiveCfg = Release|Any CPU
		{CD1B7B99-9D48-473A-BD5A-1304B937FA36}.Release|Any CPU.Build.0 = Release|Any CPU
	EndGlobalSection
	GlobalSection(SolutionProperties) = preSolution
		HideSolutionNode = FALSE
	EndGlobalSection
	GlobalSection(ExtensibilityGlobals) = postSolution
		SolutionGuid = {7AB6BD80-D08D-4976-808D-625333409638}
	EndGlobalSection
EndGlobal
